
Microsoft Visual Studio Solution File, Format Version 12.00
Project("{FAE04EC0-301F-11D3-BF4B-00C04F79EFBC}") = "WebApiExample", "WebApiExample\WebApiExample.csproj", "{CDDE8F1B-B674-4BED-B27C-A6228FCB6DE2}"
EndProject
Project("{FAE04EC0-301F-11D3-BF4B-00C04F79EFBC}") = "Contracts", "Contracts\Contracts.csproj", "{BE68924A-6289-4469-8611-7AE4BF467CFA}"
EndProject
Project("{FAE04EC0-301F-11D3-BF4B-00C04F79EFBC}") = "LoggerService", "LoggerService\LoggerService.csproj", "{C3C69A5A-3B10-46C1-8B9D-D78B6A42CE5B}"
EndProject
Project("{FAE04EC0-301F-11D3-BF4B-00C04F79EFBC}") = "Entities", "Entities\Entities.csproj", "{E384EB36-BE14-4057-9601-A6F530C6CD6F}"
EndProject
Project("{FAE04EC0-301F-11D3-BF4B-00C04F79EFBC}") = "Repository", "Repository\Repository.csproj", "{DC266E79-BEC5-490A-B438-E2435892B8C6}"
EndProject
Project("{FAE04EC0-301F-11D3-BF4B-00C04F79EFBC}") = "Service.Contracts", "Service.Contracts\Service.Contracts.csproj", "{33E5CD28-DBFB-414F-BD66-1B39A5FAE2A8}"
EndProject
Project("{FAE04EC0-301F-11D3-BF4B-00C04F79EFBC}") = "Service", "Service\Service.csproj", "{33426103-03F1-4DDF-B974-F31191D27967}"
EndProject
Project("{2150E333-8FDC-42A3-9474-1A3956D46DE8}") = "Domain", "Domain", "{B0E65B47-844D-4A9E-97C3-7D8450D42144}"
EndProject
Project("{2150E333-8FDC-42A3-9474-1A3956D46DE8}") = "Service", "Service", "{36AC2977-68EF-4E83-AFC9-6D36FA147D5D}"
EndProject
Project("{2150E333-8FDC-42A3-9474-1A3956D46DE8}") = "Presentation", "Presentation", "{FFEE9264-0B23-4FB4-8055-A1B6B08D9A74}"
EndProject
Project("{FAE04EC0-301F-11D3-BF4B-00C04F79EFBC}") = "Presentation", "Presentation\Presentation.csproj", "{D0941D50-18B3-47C3-8C1A-6A36DFE59173}"
EndProject
Project("{FAE04EC0-301F-11D3-BF4B-00C04F79EFBC}") = "Shared", "Shared\Shared.csproj", "{67FDF97E-82A6-4807-AB34-4CEA20BC1DD2}"
EndProject
Project("{2150E333-8FDC-42A3-9474-1A3956D46DE8}") = "Shared", "Shared", "{60C11F26-944E-496E-AF30-52D8FDA4D5D7}"
EndProject
Global
	GlobalSection(SolutionConfigurationPlatforms) = preSolution
		Debug|Any CPU = Debug|Any CPU
		Release|Any CPU = Release|Any CPU
	EndGlobalSection
	GlobalSection(ProjectConfigurationPlatforms) = postSolution
		{CDDE8F1B-B674-4BED-B27C-A6228FCB6DE2}.Debug|Any CPU.ActiveCfg = Debug|Any CPU
		{CDDE8F1B-B674-4BED-B27C-A6228FCB6DE2}.Debug|Any CPU.Build.0 = Debug|Any CPU
		{CDDE8F1B-B674-4BED-B27C-A6228FCB6DE2}.Release|Any CPU.ActiveCfg = Release|Any CPU
		{CDDE8F1B-B674-4BED-B27C-A6228FCB6DE2}.Release|Any CPU.Build.0 = Release|Any CPU
		{BE68924A-6289-4469-8611-7AE4BF467CFA}.Debug|Any CPU.ActiveCfg = Debug|Any CPU
		{BE68924A-6289-4469-8611-7AE4BF467CFA}.Debug|Any CPU.Build.0 = Debug|Any CPU
		{BE68924A-6289-4469-8611-7AE4BF467CFA}.Release|Any CPU.ActiveCfg = Release|Any CPU
		{BE68924A-6289-4469-8611-7AE4BF467CFA}.Release|Any CPU.Build.0 = Release|Any CPU
		{C3C69A5A-3B10-46C1-8B9D-D78B6A42CE5B}.Debug|Any CPU.ActiveCfg = Debug|Any CPU
		{C3C69A5A-3B10-46C1-8B9D-D78B6A42CE5B}.Debug|Any CPU.Build.0 = Debug|Any CPU
		{C3C69A5A-3B10-46C1-8B9D-D78B6A42CE5B}.Release|Any CPU.ActiveCfg = Release|Any CPU
		{C3C69A5A-3B10-46C1-8B9D-D78B6A42CE5B}.Release|Any CPU.Build.0 = Release|Any CPU
		{E384EB36-BE14-4057-9601-A6F530C6CD6F}.Debug|Any CPU.ActiveCfg = Debug|Any CPU
		{E384EB36-BE14-4057-9601-A6F530C6CD6F}.Debug|Any CPU.Build.0 = Debug|Any CPU
		{E384EB36-BE14-4057-9601-A6F530C6CD6F}.Release|Any CPU.ActiveCfg = Release|Any CPU
		{E384EB36-BE14-4057-9601-A6F530C6CD6F}.Release|Any CPU.Build.0 = Release|Any CPU
		{DC266E79-BEC5-490A-B438-E2435892B8C6}.Debug|Any CPU.ActiveCfg = Debug|Any CPU
		{DC266E79-BEC5-490A-B438-E2435892B8C6}.Debug|Any CPU.Build.0 = Debug|Any CPU
		{DC266E79-BEC5-490A-B438-E2435892B8C6}.Release|Any CPU.ActiveCfg = Release|Any CPU
		{DC266E79-BEC5-490A-B438-E2435892B8C6}.Release|Any CPU.Build.0 = Release|Any CPU
		{33E5CD28-DBFB-414F-BD66-1B39A5FAE2A8}.Debug|Any CPU.ActiveCfg = Debug|Any CPU
		{33E5CD28-DBFB-414F-BD66-1B39A5FAE2A8}.Debug|Any CPU.Build.0 = Debug|Any CPU
		{33E5CD28-DBFB-414F-BD66-1B39A5FAE2A8}.Release|Any CPU.ActiveCfg = Release|Any CPU
		{33E5CD28-DBFB-414F-BD66-1B39A5FAE2A8}.Release|Any CPU.Build.0 = Release|Any CPU
		{33426103-03F1-4DDF-B974-F31191D27967}.Debug|Any CPU.ActiveCfg = Debug|Any CPU
		{33426103-03F1-4DDF-B974-F31191D27967}.Debug|Any CPU.Build.0 = Debug|Any CPU
		{33426103-03F1-4DDF-B974-F31191D27967}.Release|Any CPU.ActiveCfg = Release|Any CPU
		{33426103-03F1-4DDF-B974-F31191D27967}.Release|Any CPU.Build.0 = Release|Any CPU
		{D0941D50-18B3-47C3-8C1A-6A36DFE59173}.Debug|Any CPU.ActiveCfg = Debug|Any CPU
		{D0941D50-18B3-47C3-8C1A-6A36DFE59173}.Debug|Any CPU.Build.0 = Debug|Any CPU
		{D0941D50-18B3-47C3-8C1A-6A36DFE59173}.Release|Any CPU.ActiveCfg = Release|Any CPU
		{D0941D50-18B3-47C3-8C1A-6A36DFE59173}.Release|Any CPU.Build.0 = Release|Any CPU
		{67FDF97E-82A6-4807-AB34-4CEA20BC1DD2}.Debug|Any CPU.ActiveCfg = Debug|Any CPU
		{67FDF97E-82A6-4807-AB34-4CEA20BC1DD2}.Debug|Any CPU.Build.0 = Debug|Any CPU
		{67FDF97E-82A6-4807-AB34-4CEA20BC1DD2}.Release|Any CPU.ActiveCfg = Release|Any CPU
		{67FDF97E-82A6-4807-AB34-4CEA20BC1DD2}.Release|Any CPU.Build.0 = Release|Any CPU
	EndGlobalSection
	GlobalSection(NestedProjects) = preSolution
		{DC266E79-BEC5-490A-B438-E2435892B8C6} = {B0E65B47-844D-4A9E-97C3-7D8450D42144}
		{E384EB36-BE14-4057-9601-A6F530C6CD6F} = {B0E65B47-844D-4A9E-97C3-7D8450D42144}
		{BE68924A-6289-4469-8611-7AE4BF467CFA} = {B0E65B47-844D-4A9E-97C3-7D8450D42144}
		{C3C69A5A-3B10-46C1-8B9D-D78B6A42CE5B} = {36AC2977-68EF-4E83-AFC9-6D36FA147D5D}
		{33426103-03F1-4DDF-B974-F31191D27967} = {36AC2977-68EF-4E83-AFC9-6D36FA147D5D}
		{33E5CD28-DBFB-414F-BD66-1B39A5FAE2A8} = {36AC2977-68EF-4E83-AFC9-6D36FA147D5D}
		{CDDE8F1B-B674-4BED-B27C-A6228FCB6DE2} = {FFEE9264-0B23-4FB4-8055-A1B6B08D9A74}
		{D0941D50-18B3-47C3-8C1A-6A36DFE59173} = {FFEE9264-0B23-4FB4-8055-A1B6B08D9A74}
		{67FDF97E-82A6-4807-AB34-4CEA20BC1DD2} = {60C11F26-944E-496E-AF30-52D8FDA4D5D7}
	EndGlobalSection
EndGlobal
